
Microsoft Visual Studio Solution File, Format Version 12.00
# Visual Studio Version 16
VisualStudioVersion = 16.0.29102.190
MinimumVisualStudioVersion = 10.0.40219.1
Project("{FAE04EC0-301F-11D3-BF4B-00C04F79EFBC}") = "NumberGuessGame", "NumberGuessGame\NumberGuessGame.csproj", "{2A36C9AC-08DA-437E-BC93-5C0BBB31CE1E}"
EndProject
Global
	GlobalSection(SolutionConfigurationPlatforms) = preSolution
		Debug|Any CPU = Debug|Any CPU
		Release|Any CPU = Release|Any CPU
	EndGlobalSection
	GlobalSection(ProjectConfigurationPlatforms) = postSolution
		{2A36C9AC-08DA-437E-BC93-5C0BBB31CE1E}.Debug|Any CPU.ActiveCfg = Debug|Any CPU
		{2A36C9AC-08DA-437E-BC93-5C0BBB31CE1E}.Debug|Any CPU.Build.0 = Debug|Any CPU
		{2A36C9AC-08DA-437E-BC93-5C0BBB31CE1E}.Release|Any CPU.ActiveCfg = Release|Any CPU
		{2A36C9AC-08DA-437E-BC93-5C0BBB31CE1E}.Release|Any CPU.Build.0 = Release|Any CPU
	EndGlobalSection
	GlobalSection(SolutionProperties) = preSolution
		HideSolutionNode = FALSE
	EndGlobalSection
	GlobalSection(ExtensibilityGlobals) = postSolution
		SolutionGuid = {D34DD4CC-7F09-4626-8ACF-2612801A1153}
	EndGlobalSection
EndGlobal
